<?xml version="1.0" encoding="utf-8"?>
<Project ToolsVersion="4.0" xmlns="http://schemas.microsoft.com/developer/msbuild/2003">
  <ItemGroup>
    <Filter Include="Source Files">
      <UniqueIdentifier>{4FC737F1-C7A5-4376-A066-2A32D752A2FF}</UniqueIdentifier>
      <Extensions>cpp;c;cc;cxx;def;odl;idl;hpj;bat;asm;asmx</Extensions>
    </Filter>
    <Filter Include="Header Files">
      <UniqueIdentifier>{93995380-89BD-4b04-88EB-625FBE52EBFB}</UniqueIdentifier>
      <Extensions>h;hpp;hxx;hm;inl;inc;xsd</Extensions>
    </Filter>
    <Filter Include="LZO">
      <UniqueIdentifier>{d75d3121-66c2-4139-9ef7-30a66f1c5dcf}</UniqueIdentifier>
    </Filter>
    <Filter Include="TEA">
      <UniqueIdentifier>{7bf4e1aa-a726-4d10-9e33-b64ffbe80d74}</UniqueIdentifier>
    </Filter>
  </ItemGroup>
  <ItemGroup>
    <ClCompile Include="lzo.cpp">
      <Filter>LZO</Filter>
    </ClCompile>
    <ClCompile Include="tea.cpp">
      <Filter>TEA</Filter>
    </ClCompile>
    <ClCompile Include="dump_proto.cpp">
      <Filter>Source Files</Filter>
    </ClCompile>
    <ClCompile Include="..\..\..\Source\Server\db\src\CsvReader.cpp">
      <Filter>Source Files</Filter>
    </ClCompile>
    <ClCompile Include="..\..\..\Source\Server\db\src\protobuf_data_item.cpp">
      <Filter>Source Files</Filter>
    </ClCompile>
    <ClCompile Include="..\..\..\Source\Server\db\src\protobuf_data_pet.cpp">
      <Filter>Source Files</Filter>
    </ClCompile>
    <ClCompile Include="..\..\..\Source\Server\db\src\protobuf_data.cpp">
      <Filter>Source Files</Filter>
    </ClCompile>
    <ClCompile Include="..\..\..\Source\Server\db\src\ProtoReader.cpp">
      <Filter>Source Files</Filter>
    </ClCompile>
  </ItemGroup>
  <ItemGroup>
    <ClInclude Include="lzo.h">
      <Filter>LZO</Filter>
    </ClInclude>
    <ClInclude Include="tea.h">
      <Filter>TEA</Filter>
    </ClInclude>
    <ClInclude Include="Singleton.h">
      <Filter>Source Files</Filter>
    </ClInclude>
    <ClInclude Include="..\..\..\Source\Server\db\src\CsvReader.h">
      <Filter>Source Files</Filter>
    </ClInclude>
    <ClInclude Include="..\..\..\Source\Server\db\src\protobuf_data.h">
      <Filter>Source Files</Filter>
    </ClInclude>
    <ClInclude Include="..\..\..\Source\Server\db\src\protobuf_data_item.h">
      <Filter>Source Files</Filter>
    </ClInclude>
    <ClInclude Include="..\..\..\Source\Server\db\src\protobuf_data_pet.h">
      <Filter>Source Files</Filter>
    </ClInclude>
    <ClInclude Include="..\..\..\Source\Server\db\src\ProtoReader.h">
      <Filter>Source Files</Filter>
    </ClInclude>
  </ItemGroup>
</Project>